
Microsoft Visual Studio Solution File, Format Version 12.00
# Visual Studio 14
VisualStudioVersion = 14.0.25123.0
MinimumVisualStudioVersion = 10.0.40219.1
Project("{FAE04EC0-301F-11D3-BF4B-00C04F79EFBC}") = "Instagram", "Instagram\Instagram.csproj", "{6ACF709C-DDF6-47A2-9550-0278505607A6}"
EndProject
Project("{FAE04EC0-301F-11D3-BF4B-00C04F79EFBC}") = "Instagram_Test", "Instagram_Test\Instagram_Test.csproj", "{187C9CD6-3ADF-49F0-8F37-3816839404DA}"
EndProject
Global
	GlobalSection(SolutionConfigurationPlatforms) = preSolution
		Debug|Any CPU = Debug|Any CPU
		Release|Any CPU = Release|Any CPU
	EndGlobalSection
	GlobalSection(ProjectConfigurationPlatforms) = postSolution
		{6ACF709C-DDF6-47A2-9550-0278505607A6}.Debug|Any CPU.ActiveCfg = Debug|Any CPU
		{6ACF709C-DDF6-47A2-9550-0278505607A6}.Debug|Any CPU.Build.0 = Debug|Any CPU
		{6ACF709C-DDF6-47A2-9550-0278505607A6}.Release|Any CPU.ActiveCfg = Release|Any CPU
		{6ACF709C-DDF6-47A2-9550-0278505607A6}.Release|Any CPU.Build.0 = Release|Any CPU
		{187C9CD6-3ADF-49F0-8F37-3816839404DA}.Debug|Any CPU.ActiveCfg = Debug|Any CPU
		{187C9CD6-3ADF-49F0-8F37-3816839404DA}.Debug|Any CPU.Build.0 = Debug|Any CPU
		{187C9CD6-3ADF-49F0-8F37-3816839404DA}.Release|Any CPU.ActiveCfg = Release|Any CPU
		{187C9CD6-3ADF-49F0-8F37-3816839404DA}.Release|Any CPU.Build.0 = Release|Any CPU
	EndGlobalSection
	GlobalSection(SolutionProperties) = preSolution
		HideSolutionNode = FALSE
	EndGlobalSection
EndGlobal
